PODS:
  - Alamofire (4.8.2)
  - MyBaby (1.0.25):
    - Alamofire

DEPENDENCIES:
  - MyBaby (from `../MyBaby/`)

SPEC REPOS:
  https://github.com/cocoapods/specs.git:
    - Alamofire

EXTERNAL SOURCES:
  MyBaby:
    :path: "../MyBaby/"

SPEC CHECKSUMS:
  Alamofire: ae5c501addb7afdbb13687d7f2f722c78734c2d3
  MyBaby: a29fe9d34ea70614973af0f17b00f92afdde49d3

PODFILE CHECKSUM: 50061508209d8c5f7f57e86787ff79dc0e1a84ac

COCOAPODS: 1.7.3
